{
  "name": "linkwe-uniapp",
  "version": "1.0.0",
  "lockfileVersion": 2,
  "requires": true,
  "packages": {
    "": {
      "name": "linkwe-uniapp",
      "version": "1.0.0",
      "license": "ISC",
      "dependencies": {
        "jsqr": "^1.4.0",
        "luch-request": "^3.1.1"
      },
      "devDependencies": {}
    },
    "node_modules/@dcloudio/types": {
      "version": "2.6.12",
      "resolved": "https://registry.npmmirror.com/@dcloudio/types/-/types-2.6.12.tgz",
      "integrity": "sha512-mrCMwcINy1IFjU9VUqLeWBkj404yWs5paLDttBcA+eqUjanuUQbBcTVPqlrGgkyzLXDcV2oDDZRSNxNpXi4kMQ=="
    },
    "node_modules/jsqr": {
      "version": "1.4.0",
      "resolved": "https://registry.npmmirror.com/jsqr/-/jsqr-1.4.0.tgz",
      "integrity": "sha512-dxLob7q65Xg2DvstYkRpkYtmKm2sPJ9oFhrhmudT1dZvNFFTlroai3AWSpLey/w5vMcLBXRgOJsbXpdN9HzU/A=="
    },
    "node_modules/luch-request": {
      "version": "3.1.1",
      "resolved": "https://registry.npmmirror.com/luch-request/-/luch-request-3.1.1.tgz",
      "integrity": "sha512-p7+mlcEtgRcd0OfXC4XZbyiwSr1XgCeqNT7LlVUjnk7InYl/8d5Rk7BUqAYNA2WRafI1wRIUQWRWZRpeUwWR0w==",
      "dependencies": {
        "@dcloudio/types": "^2.0.16"
      }
    }
  },
  "dependencies": {
    "@dcloudio/types": {
      "version": "2.6.12",
      "resolved": "https://registry.npmmirror.com/@dcloudio/types/-/types-2.6.12.tgz",
      "integrity": "sha512-mrCMwcINy1IFjU9VUqLeWBkj404yWs5paLDttBcA+eqUjanuUQbBcTVPqlrGgkyzLXDcV2oDDZRSNxNpXi4kMQ=="
    },
    "jsqr": {
      "version": "1.4.0",
      "resolved": "https://registry.npmmirror.com/jsqr/-/jsqr-1.4.0.tgz",
      "integrity": "sha512-dxLob7q65Xg2DvstYkRpkYtmKm2sPJ9oFhrhmudT1dZvNFFTlroai3AWSpLey/w5vMcLBXRgOJsbXpdN9HzU/A=="
    },
    "luch-request": {
      "version": "3.1.1",
      "resolved": "https://registry.npmmirror.com/luch-request/-/luch-request-3.1.1.tgz",
      "integrity": "sha512-p7+mlcEtgRcd0OfXC4XZbyiwSr1XgCeqNT7LlVUjnk7InYl/8d5Rk7BUqAYNA2WRafI1wRIUQWRWZRpeUwWR0w==",
      "requires": {
        "@dcloudio/types": "^2.0.16"
      }
    }
  }
}
